<?xml version="1.0" encoding="utf-8"?>
<Project ToolsVersion="4.0" xmlns="http://schemas.microsoft.com/developer/msbuild/2003">
  <ItemGroup>
    <ClCompile Include="src\Audio.cpp">
      <Filter>Engine</Filter>
    </ClCompile>
    <ClCompile Include="src\EntityManager.cpp">
      <Filter>Engine</Filter>
    </ClCompile>
    <ClCompile Include="src\Input.cpp">
      <Filter>Engine</Filter>
    </ClCompile>
    <ClCompile Include="src\Map.cpp">
      <Filter>Engine</Filter>
    </ClCompile>
    <ClCompile Include="src\Pathfinding.cpp">
      <Filter>Engine</Filter>
    </ClCompile>
    <ClCompile Include="src\Physics.cpp">
      <Filter>Engine</Filter>
    </ClCompile>
    <ClCompile Include="src\PlatformGame.cpp">
      <Filter>Engine</Filter>
    </ClCompile>
    <ClCompile Include="src\Render.cpp">
      <Filter>Engine</Filter>
    </ClCompile>
    <ClCompile Include="src\Textures.cpp">
      <Filter>Engine</Filter>
    </ClCompile>
    <ClCompile Include="src\Window.cpp">
      <Filter>Engine</Filter>
    </ClCompile>
    <ClCompile Include="src\GuiControlButton.cpp">
      <Filter>Engine</Filter>
    </ClCompile>
    <ClCompile Include="src\GuiManager.cpp">
      <Filter>Engine</Filter>
    </ClCompile>
    <ClCompile Include="src\Enemy.cpp">
      <Filter>Game</Filter>
    </ClCompile>
    <ClCompile Include="src\Item.cpp">
      <Filter>Game</Filter>
    </ClCompile>
    <ClCompile Include="src\Player.cpp">
      <Filter>Game</Filter>
    </ClCompile>
    <ClCompile Include="src\Platform.cpp">
      <Filter>Game</Filter>
    </ClCompile>
    <ClCompile Include="src\Scene.cpp">
      <Filter>Game</Filter>
    </ClCompile>
    <ClCompile Include="src\Log.cpp">
      <Filter>Utils</Filter>
    </ClCompile>
    <ClCompile Include="src\PerfTimer.cpp">
      <Filter>Utils</Filter>
    </ClCompile>
    <ClCompile Include="src\Timer.cpp">
      <Filter>Utils</Filter>
    </ClCompile>
    <ClCompile Include="src\Vector2D.cpp">
      <Filter>Utils</Filter>
    </ClCompile>
    <ClCompile Include="src\Engine.cpp">
      <Filter>Engine</Filter>
    </ClCompile>
    <ClCompile Include="src\InteractiveObject.cpp">
      <Filter>Game</Filter>
    </ClCompile>
    <ClCompile Include="src\Soldier.cpp" />
    <ClCompile Include="src\Boss.cpp">
      <Filter>Game</Filter>
    </ClCompile>
    <ClCompile Include="src\Column.cpp">
      <Filter>Game</Filter>
    </ClCompile>
  </ItemGroup>
  <ItemGroup>
    <ClInclude Include="src\Audio.h">
      <Filter>Engine</Filter>
    </ClInclude>
    <ClInclude Include="src\Engine.h">
      <Filter>Engine</Filter>
    </ClInclude>
    <ClInclude Include="src\EntityManager.h">
      <Filter>Engine</Filter>
    </ClInclude>
    <ClInclude Include="src\Entity.h">
      <Filter>Engine</Filter>
    </ClInclude>
    <ClInclude Include="src\Input.h">
      <Filter>Engine</Filter>
    </ClInclude>
    <ClInclude Include="src\Map.h">
      <Filter>Engine</Filter>
    </ClInclude>
    <ClInclude Include="src\Module.h">
      <Filter>Engine</Filter>
    </ClInclude>
    <ClInclude Include="src\Pathfinding.h">
      <Filter>Engine</Filter>
    </ClInclude>
    <ClInclude Include="src\Physics.h">
      <Filter>Engine</Filter>
    </ClInclude>
    <ClInclude Include="src\Render.h">
      <Filter>Engine</Filter>
    </ClInclude>
    <ClInclude Include="src\Textures.h">
      <Filter>Engine</Filter>
    </ClInclude>
    <ClInclude Include="src\Window.h">
      <Filter>Engine</Filter>
    </ClInclude>
    <ClInclude Include="src\GuiControl.h">
      <Filter>Engine</Filter>
    </ClInclude>
    <ClInclude Include="src\GuiControlButton.h">
      <Filter>Engine</Filter>
    </ClInclude>
    <ClInclude Include="src\GuiManager.h">
      <Filter>Engine</Filter>
    </ClInclude>
    <ClInclude Include="src\Enemy.h">
      <Filter>Game</Filter>
    </ClInclude>
    <ClInclude Include="src\Item.h">
      <Filter>Game</Filter>
    </ClInclude>
    <ClInclude Include="src\Player.h">
      <Filter>Game</Filter>
    </ClInclude>
    <ClInclude Include="src\Platform.h">
      <Filter>Game</Filter>
    </ClInclude>
    <ClInclude Include="src\Scene.h">
      <Filter>Game</Filter>
    </ClInclude>
    <ClInclude Include="src\Animation.h">
      <Filter>Utils</Filter>
    </ClInclude>
    <ClInclude Include="src\Log.h">
      <Filter>Utils</Filter>
    </ClInclude>
    <ClInclude Include="src\PerfTimer.h">
      <Filter>Utils</Filter>
    </ClInclude>
    <ClInclude Include="src\Timer.h">
      <Filter>Utils</Filter>
    </ClInclude>
    <ClInclude Include="src\Vector2D.h">
      <Filter>Utils</Filter>
    </ClInclude>
    <ClInclude Include="src\InteractiveObject.h">
      <Filter>Game</Filter>
    </ClInclude>
    <ClInclude Include="src\Soldier.h" />
    <ClInclude Include="src\Boss.h">
      <Filter>Game</Filter>
    </ClInclude>
    <ClInclude Include="src\Column.h">
      <Filter>Game</Filter>
    </ClInclude>
  </ItemGroup>
  <ItemGroup>
    <None Include=".gitignore">
      <Filter>Configuration Flles</Filter>
    </None>
    <None Include="vcpkg-configuration.json">
      <Filter>Configuration Flles</Filter>
    </None>
    <None Include="vcpkg.json">
      <Filter>Configuration Flles</Filter>
    </None>
  </ItemGroup>
  <ItemGroup>
    <Filter Include="Configuration Flles">
      <UniqueIdentifier>{78919f73-4063-4a07-9bdb-1287a045fcdb}</UniqueIdentifier>
    </Filter>
    <Filter Include="Engine">
      <UniqueIdentifier>{7e0e5d30-f82f-4062-9bd0-043179193dab}</UniqueIdentifier>
    </Filter>
    <Filter Include="Game">
      <UniqueIdentifier>{f599ea0e-4586-4f3c-8679-5c1bb44f2f75}</UniqueIdentifier>
    </Filter>
    <Filter Include="Utils">
      <UniqueIdentifier>{971bab9d-0cd1-49df-a407-b997b0031ad7}</UniqueIdentifier>
    </Filter>
  </ItemGroup>
  <ItemGroup>
    <Xml Include="config.xml">
      <Filter>Configuration Flles</Filter>
    </Xml>
  </ItemGroup>
</Project>